
Microsoft Visual Studio Solution File, Format Version 12.00
# Visual Studio Version 17
VisualStudioVersion = 17.5.002.0
MinimumVisualStudioVersion = 10.0.40219.1
Project("{9A19103F-16F7-4668-BE54-9A1E7A4F7556}") = "SayHelloEndpoint", "SayHelloEndpoint.csproj", "{3CAAF7C3-3C58-4103-B314-EADC6F307C23}"
EndProject
Global
	GlobalSection(SolutionConfigurationPlatforms) = preSolution
		Debug|Any CPU = Debug|Any CPU
		Release|Any CPU = Release|Any CPU
	EndGlobalSection
	GlobalSection(ProjectConfigurationPlatforms) = postSolution
		{3CAAF7C3-3C58-4103-B314-EADC6F307C23}.Debug|Any CPU.ActiveCfg = Debug|Any CPU
		{3CAAF7C3-3C58-4103-B314-EADC6F307C23}.Debug|Any CPU.Build.0 = Debug|Any CPU
		{3CAAF7C3-3C58-4103-B314-EADC6F307C23}.Release|Any CPU.ActiveCfg = Release|Any CPU
		{3CAAF7C3-3C58-4103-B314-EADC6F307C23}.Release|Any CPU.Build.0 = Release|Any CPU
	EndGlobalSection
	GlobalSection(SolutionProperties) = preSolution
		HideSolutionNode = FALSE
	EndGlobalSection
	GlobalSection(ExtensibilityGlobals) = postSolution
		SolutionGuid = {26F7C720-F5BA-4821-B05B-AAC4027695EA}
	EndGlobalSection
EndGlobal
